
Microsoft Visual Studio Solution File, Format Version 12.00
Project("{FAE04EC0-301F-11D3-BF4B-00C04F79EFBC}") = "28_01", "28_01\28_01.csproj", "{9EA11C00-8793-44AF-A1D9-D2B874B21ABE}"
EndProject
Global
	GlobalSection(SolutionConfigurationPlatforms) = preSolution
		Debug|Any CPU = Debug|Any CPU
		Release|Any CPU = Release|Any CPU
	EndGlobalSection
	GlobalSection(ProjectConfigurationPlatforms) = postSolution
		{9EA11C00-8793-44AF-A1D9-D2B874B21ABE}.Debug|Any CPU.ActiveCfg = Debug|Any CPU
		{9EA11C00-8793-44AF-A1D9-D2B874B21ABE}.Debug|Any CPU.Build.0 = Debug|Any CPU
		{9EA11C00-8793-44AF-A1D9-D2B874B21ABE}.Release|Any CPU.ActiveCfg = Release|Any CPU
		{9EA11C00-8793-44AF-A1D9-D2B874B21ABE}.Release|Any CPU.Build.0 = Release|Any CPU
	EndGlobalSection
EndGlobal
